schema: '2.0'
stages:
  compute_dataset:
    cmd: python3 code/compute_task_data.py --dataset data/labelstudio-pets-dataset.json
      --output data/computed/pets-dataset/
    deps:
    - path: code/compute_task_data.py
      md5: aab422f14710e9c9cd899f86a3eacc5b
      size: 2220
    - path: data/labelstudio-pets-dataset.json
      md5: 296e963694f5a7cd63b97fccb7ec601b
      size: 89956236
    outs:
    - path: data/computed/pets-dataset/
      md5: 74705f83cc29e888440e4150ecb5249c.dir
      size: 1525937273
      nfiles: 14780
  train:
    cmd: python3 code/train.py --dataset data/computed/pets-dataset/ --config ./control.yaml
    deps:
    - path: ./control.yaml
      md5: 55333d976fd412bd1e79f06afd08b78f
      size: 649
    - path: code/train.py
      md5: 59b35967b1e7180ad33fc09fa5df37db
      size: 2382
    - path: data/computed/pets-dataset/
      md5: 74705f83cc29e888440e4150ecb5249c.dir
      size: 1525937273
      nfiles: 14780
